
Microsoft Visual Studio Solution File, Format Version 12.00
# Visual Studio Version 16
VisualStudioVersion = 16.0.29806.167
MinimumVisualStudioVersion = 10.0.40219.1
Project("{FAE04EC0-301F-11D3-BF4B-00C04F79EFBC}") = "Project B", "Proejct B\Project B.csproj", "{7A04B919-82AC-4C05-BC19-767A01A8B03E}"
EndProject
Global
	GlobalSection(SolutionConfigurationPlatforms) = preSolution
		Debug|Any CPU = Debug|Any CPU
		Release|Any CPU = Release|Any CPU
	EndGlobalSection
	GlobalSection(ProjectConfigurationPlatforms) = postSolution
		{7A04B919-82AC-4C05-BC19-767A01A8B03E}.Debug|Any CPU.ActiveCfg = Debug|Any CPU
		{7A04B919-82AC-4C05-BC19-767A01A8B03E}.Debug|Any CPU.Build.0 = Debug|Any CPU
		{7A04B919-82AC-4C05-BC19-767A01A8B03E}.Release|Any CPU.ActiveCfg = Release|Any CPU
		{7A04B919-82AC-4C05-BC19-767A01A8B03E}.Release|Any CPU.Build.0 = Release|Any CPU
	EndGlobalSection
	GlobalSection(SolutionProperties) = preSolution
		HideSolutionNode = FALSE
	EndGlobalSection
	GlobalSection(ExtensibilityGlobals) = postSolution
		SolutionGuid = {B2163604-2D17-4528-9A11-98534BC24E13}
	EndGlobalSection
EndGlobal
